
Microsoft Visual Studio Solution File, Format Version 12.00
# Visual Studio 15
VisualStudioVersion = 15.0.27428.2037
MinimumVisualStudioVersion = 10.0.40219.1
Project("{FAE04EC0-301F-11D3-BF4B-00C04F79EFBC}") = "ReverseString", "..\ReverseString\ReverseString.csproj", "{B45E379F-8C63-4C88-BF34-5FA84DD06BB0}"
EndProject
Project("{FAE04EC0-301F-11D3-BF4B-00C04F79EFBC}") = "IntegerAdd", "IntegerAdd\IntegerAdd.csproj", "{7CB85040-455B-4EAB-AB4F-999E46596A64}"
EndProject
Global
	GlobalSection(SolutionConfigurationPlatforms) = preSolution
		Debug|Any CPU = Debug|Any CPU
		Release|Any CPU = Release|Any CPU
	EndGlobalSection
	GlobalSection(ProjectConfigurationPlatforms) = postSolution
		{B45E379F-8C63-4C88-BF34-5FA84DD06BB0}.Debug|Any CPU.ActiveCfg = Debug|Any CPU
		{B45E379F-8C63-4C88-BF34-5FA84DD06BB0}.Debug|Any CPU.Build.0 = Debug|Any CPU
		{B45E379F-8C63-4C88-BF34-5FA84DD06BB0}.Release|Any CPU.ActiveCfg = Release|Any CPU
		{B45E379F-8C63-4C88-BF34-5FA84DD06BB0}.Release|Any CPU.Build.0 = Release|Any CPU
		{7CB85040-455B-4EAB-AB4F-999E46596A64}.Debug|Any CPU.ActiveCfg = Debug|Any CPU
		{7CB85040-455B-4EAB-AB4F-999E46596A64}.Debug|Any CPU.Build.0 = Debug|Any CPU
		{7CB85040-455B-4EAB-AB4F-999E46596A64}.Release|Any CPU.ActiveCfg = Release|Any CPU
		{7CB85040-455B-4EAB-AB4F-999E46596A64}.Release|Any CPU.Build.0 = Release|Any CPU
	EndGlobalSection
	GlobalSection(SolutionProperties) = preSolution
		HideSolutionNode = FALSE
	EndGlobalSection
	GlobalSection(ExtensibilityGlobals) = postSolution
		SolutionGuid = {02572D6A-A7DF-42E3-862E-7B590D0DD8B1}
	EndGlobalSection
EndGlobal
